
Microsoft Visual Studio Solution File, Format Version 12.00
# Visual Studio Version 17
VisualStudioVersion = 17.6.33815.320
MinimumVisualStudioVersion = 10.0.40219.1
Project("{8BC9CEB8-8B4A-11D0-8D11-00A0C91BC942}") = "IDSyscall", "IDSyscall\IDSyscall.vcxproj", "{63C4CAD6-A4F5-4A75-89D2-FD0E288978A1}"
EndProject
Global
	GlobalSection(SolutionConfigurationPlatforms) = preSolution
		Debug|x64 = Debug|x64
		Debug|x86 = Debug|x86
		Release|x64 = Release|x64
		Release|x86 = Release|x86
	EndGlobalSection
	GlobalSection(ProjectConfigurationPlatforms) = postSolution
		{63C4CAD6-A4F5-4A75-89D2-FD0E288978A1}.Debug|x64.ActiveCfg = Debug|x64
		{63C4CAD6-A4F5-4A75-89D2-FD0E288978A1}.Debug|x64.Build.0 = Debug|x64
		{63C4CAD6-A4F5-4A75-89D2-FD0E288978A1}.Debug|x86.ActiveCfg = Debug|Win32
		{63C4CAD6-A4F5-4A75-89D2-FD0E288978A1}.Debug|x86.Build.0 = Debug|Win32
		{63C4CAD6-A4F5-4A75-89D2-FD0E288978A1}.Release|x64.ActiveCfg = Release|x64
		{63C4CAD6-A4F5-4A75-89D2-FD0E288978A1}.Release|x64.Build.0 = Release|x64
		{63C4CAD6-A4F5-4A75-89D2-FD0E288978A1}.Release|x86.ActiveCfg = Release|Win32
		{63C4CAD6-A4F5-4A75-89D2-FD0E288978A1}.Release|x86.Build.0 = Release|Win32
	EndGlobalSection
	GlobalSection(SolutionProperties) = preSolution
		HideSolutionNode = FALSE
	EndGlobalSection
	GlobalSection(ExtensibilityGlobals) = postSolution
		SolutionGuid = {A8818D0E-A4C3-439C-8A9A-4A5142B40742}
	EndGlobalSection
EndGlobal
